
Microsoft Visual Studio Solution File, Format Version 12.00
# Visual Studio 2013
VisualStudioVersion = 12.0.21005.1
MinimumVisualStudioVersion = 10.0.40219.1
Project("{FAE04EC0-301F-11D3-BF4B-00C04F79EFBC}") = "Poleo", "Poleo\Poleo.csproj", "{B77679BC-C469-4F61-92E7-AD8219CD5492}"
EndProject
Global
	GlobalSection(SolutionConfigurationPlatforms) = preSolution
		Debug|Any CPU = Debug|Any CPU
		Release|Any CPU = Release|Any CPU
	EndGlobalSection
	GlobalSection(ProjectConfigurationPlatforms) = postSolution
		{B77679BC-C469-4F61-92E7-AD8219CD5492}.Debug|Any CPU.ActiveCfg = Debug|Any CPU
		{B77679BC-C469-4F61-92E7-AD8219CD5492}.Debug|Any CPU.Build.0 = Debug|Any CPU
		{B77679BC-C469-4F61-92E7-AD8219CD5492}.Release|Any CPU.ActiveCfg = Release|Any CPU
		{B77679BC-C469-4F61-92E7-AD8219CD5492}.Release|Any CPU.Build.0 = Release|Any CPU
	EndGlobalSection
	GlobalSection(SolutionProperties) = preSolution
		HideSolutionNode = FALSE
	EndGlobalSection
EndGlobal
